
Microsoft Visual Studio Solution File, Format Version 12.00
# Visual Studio Version 17
VisualStudioVersion = 17.9.34622.214
MinimumVisualStudioVersion = 10.0.40219.1
Project("{FAE04EC0-301F-11D3-BF4B-00C04F79EFBC}") = "ListViewMaui", "ListViewMaui\ListViewMaui.csproj", "{95D43A63-CF58-4B75-BCE6-D77377C44A4E}"
EndProject
Global
	GlobalSection(SolutionConfigurationPlatforms) = preSolution
		Debug|Any CPU = Debug|Any CPU
		Release|Any CPU = Release|Any CPU
	EndGlobalSection
	GlobalSection(ProjectConfigurationPlatforms) = postSolution
		{95D43A63-CF58-4B75-BCE6-D77377C44A4E}.Debug|Any CPU.ActiveCfg = Debug|Any CPU
		{95D43A63-CF58-4B75-BCE6-D77377C44A4E}.Debug|Any CPU.Build.0 = Debug|Any CPU
		{95D43A63-CF58-4B75-BCE6-D77377C44A4E}.Debug|Any CPU.Deploy.0 = Debug|Any CPU
		{95D43A63-CF58-4B75-BCE6-D77377C44A4E}.Release|Any CPU.ActiveCfg = Release|Any CPU
		{95D43A63-CF58-4B75-BCE6-D77377C44A4E}.Release|Any CPU.Build.0 = Release|Any CPU
		{95D43A63-CF58-4B75-BCE6-D77377C44A4E}.Release|Any CPU.Deploy.0 = Release|Any CPU
	EndGlobalSection
	GlobalSection(SolutionProperties) = preSolution
		HideSolutionNode = FALSE
	EndGlobalSection
	GlobalSection(ExtensibilityGlobals) = postSolution
		SolutionGuid = {405C3849-1EB7-43A5-A661-59B261949384}
	EndGlobalSection
EndGlobal
